Microsoft Visual Studio Solution File, Format Version 12.00
# Visual Studio 15
VisualStudioVersion = 15.0.27130.2003
MinimumVisualStudioVersion = 10.0.40219.1
Project("{9A19103F-16F7-4668-BE54-9A1E7A4F7556}") = "PoormansEventProcessing", "PoormansEventProcessing\PoormansEventProcessing.csproj", "{4F38C800-253A-4021-B890-DBBB0D025B2A}"
EndProject
Project("{9A19103F-16F7-4668-BE54-9A1E7A4F7556}") = "PubSub", "PubSub\PubSub.csproj", "{AC184A5E-DF5E-434B-ABA5-8C0C0DB5D323}"
EndProject
Project("{9A19103F-16F7-4668-BE54-9A1E7A4F7556}") = "LayeredArchitecture", "LayeredArchitecture\LayeredArchitecture.csproj", "{907DA399-617A-4721-82E7-3D2C09F47B9F}"
EndProject
Project("{2150E333-8FDC-42A3-9474-1A3956D46DE8}") = "2-EventDriven", "2-EventDriven", "{75A49096-28CA-43AA-AE20-1EB655F16368}"
EndProject
Project("{2150E333-8FDC-42A3-9474-1A3956D46DE8}") = "1-Layered", "1-Layered", "{AF66C382-390D-42E1-8AC7-F2EB446B43F1}"
EndProject
Project("{9A19103F-16F7-4668-BE54-9A1E7A4F7556}") = "Slices", "Slices\Slices.csproj", "{1F96DB2C-E743-4731-887B-FC11505C21CB}"
EndProject
Project("{2150E333-8FDC-42A3-9474-1A3956D46DE8}") = "4-Modular", "4-Modular", "{7B750172-4877-4959-8CE0-E04AFE7F80A4}"
EndProject
Project("{9A19103F-16F7-4668-BE54-9A1E7A4F7556}") = "ModularApp", "ModularApp\ModularApp.csproj", "{F0D5A431-66DD-40C9-84EE-73F53AB5D40A}"
EndProject
Project("{2150E333-8FDC-42A3-9474-1A3956D46DE8}") = "3-MediatorApi", "3-MediatorApi", "{B6035443-AAF6-4EFA-B655-4224EF71B3CF}"
EndProject
Project("{9A19103F-16F7-4668-BE54-9A1E7A4F7556}") = "MediatorApi", "MediatorApi\MediatorApi.csproj", "{B7DBDC34-863B-43AE-B8C2-C3412420D595}"
EndProject
Project("{9A19103F-16F7-4668-BE54-9A1E7A4F7556}") = "Infra", "Infra\Infra.csproj", "{22DFBEDF-7AB2-4339-BF64-B671B948E016}"
EndProject
Project("{2150E333-8FDC-42A3-9474-1A3956D46DE8}") = "Modules", "Modules", "{EA1DD74A-A6C6-452E-9151-87CDCB37BBC0}"
EndProject
Project("{9A19103F-16F7-4668-BE54-9A1E7A4F7556}") = "Customer", "Modules\Customer\Customer.csproj", "{402F4EC8-6548-4066-AB62-77CE89F17678}"
EndProject
Project("{FAE04EC0-301F-11D3-BF4B-00C04F79EFBC}") = "Modular.Domain", "Modular.Domain\Modular.Domain.csproj", "{9A3D3E7E-9746-4C40-BBA1-373CDA7D8B29}"
EndProject
Global
	GlobalSection(SolutionConfigurationPlatforms) = preSolution
		Debug|Any CPU = Debug|Any CPU
		Release|Any CPU = Release|Any CPU
	EndGlobalSection
	GlobalSection(ProjectConfigurationPlatforms) = postSolution
		{4F38C800-253A-4021-B890-DBBB0D025B2A}.Debug|Any CPU.ActiveCfg = Debug|Any CPU
		{4F38C800-253A-4021-B890-DBBB0D025B2A}.Debug|Any CPU.Build.0 = Debug|Any CPU
		{4F38C800-253A-4021-B890-DBBB0D025B2A}.Release|Any CPU.ActiveCfg = Release|Any CPU
		{4F38C800-253A-4021-B890-DBBB0D025B2A}.Release|Any CPU.Build.0 = Release|Any CPU
		{AC184A5E-DF5E-434B-ABA5-8C0C0DB5D323}.Debug|Any CPU.ActiveCfg = Debug|Any CPU
		{AC184A5E-DF5E-434B-ABA5-8C0C0DB5D323}.Debug|Any CPU.Build.0 = Debug|Any CPU
		{AC184A5E-DF5E-434B-ABA5-8C0C0DB5D323}.Release|Any CPU.ActiveCfg = Release|Any CPU
		{AC184A5E-DF5E-434B-ABA5-8C0C0DB5D323}.Release|Any CPU.Build.0 = Release|Any CPU
		{907DA399-617A-4721-82E7-3D2C09F47B9F}.Debug|Any CPU.ActiveCfg = Debug|Any CPU
		{907DA399-617A-4721-82E7-3D2C09F47B9F}.Debug|Any CPU.Build.0 = Debug|Any CPU
		{907DA399-617A-4721-82E7-3D2C09F47B9F}.Release|Any CPU.ActiveCfg = Release|Any CPU
		{907DA399-617A-4721-82E7-3D2C09F47B9F}.Release|Any CPU.Build.0 = Release|Any CPU
		{1F96DB2C-E743-4731-887B-FC11505C21CB}.Debug|Any CPU.ActiveCfg = Debug|Any CPU
		{1F96DB2C-E743-4731-887B-FC11505C21CB}.Debug|Any CPU.Build.0 = Debug|Any CPU
		{1F96DB2C-E743-4731-887B-FC11505C21CB}.Release|Any CPU.ActiveCfg = Release|Any CPU
		{1F96DB2C-E743-4731-887B-FC11505C21CB}.Release|Any CPU.Build.0 = Release|Any CPU
		{F0D5A431-66DD-40C9-84EE-73F53AB5D40A}.Debug|Any CPU.ActiveCfg = Debug|Any CPU
		{F0D5A431-66DD-40C9-84EE-73F53AB5D40A}.Debug|Any CPU.Build.0 = Debug|Any CPU
		{F0D5A431-66DD-40C9-84EE-73F53AB5D40A}.Release|Any CPU.ActiveCfg = Release|Any CPU
		{F0D5A431-66DD-40C9-84EE-73F53AB5D40A}.Release|Any CPU.Build.0 = Release|Any CPU
		{B7DBDC34-863B-43AE-B8C2-C3412420D595}.Debug|Any CPU.ActiveCfg = Debug|Any CPU
		{B7DBDC34-863B-43AE-B8C2-C3412420D595}.Debug|Any CPU.Build.0 = Debug|Any CPU
		{B7DBDC34-863B-43AE-B8C2-C3412420D595}.Release|Any CPU.ActiveCfg = Release|Any CPU
		{B7DBDC34-863B-43AE-B8C2-C3412420D595}.Release|Any CPU.Build.0 = Release|Any CPU
		{22DFBEDF-7AB2-4339-BF64-B671B948E016}.Debug|Any CPU.ActiveCfg = Debug|Any CPU
		{22DFBEDF-7AB2-4339-BF64-B671B948E016}.Debug|Any CPU.Build.0 = Debug|Any CPU
		{22DFBEDF-7AB2-4339-BF64-B671B948E016}.Release|Any CPU.ActiveCfg = Release|Any CPU
		{22DFBEDF-7AB2-4339-BF64-B671B948E016}.Release|Any CPU.Build.0 = Release|Any CPU
		{402F4EC8-6548-4066-AB62-77CE89F17678}.Debug|Any CPU.ActiveCfg = Debug|Any CPU
		{402F4EC8-6548-4066-AB62-77CE89F17678}.Debug|Any CPU.Build.0 = Debug|Any CPU
		{402F4EC8-6548-4066-AB62-77CE89F17678}.Release|Any CPU.ActiveCfg = Release|Any CPU
		{402F4EC8-6548-4066-AB62-77CE89F17678}.Release|Any CPU.Build.0 = Release|Any CPU
		{9A3D3E7E-9746-4C40-BBA1-373CDA7D8B29}.Debug|Any CPU.ActiveCfg = Debug|Any CPU
		{9A3D3E7E-9746-4C40-BBA1-373CDA7D8B29}.Debug|Any CPU.Build.0 = Debug|Any CPU
		{9A3D3E7E-9746-4C40-BBA1-373CDA7D8B29}.Release|Any CPU.ActiveCfg = Release|Any CPU
		{9A3D3E7E-9746-4C40-BBA1-373CDA7D8B29}.Release|Any CPU.Build.0 = Release|Any CPU
	EndGlobalSection
	GlobalSection(SolutionProperties) = preSolution
		HideSolutionNode = FALSE
	EndGlobalSection
	GlobalSection(NestedProjects) = preSolution
		{4F38C800-253A-4021-B890-DBBB0D025B2A} = {75A49096-28CA-43AA-AE20-1EB655F16368}
		{AC184A5E-DF5E-434B-ABA5-8C0C0DB5D323} = {75A49096-28CA-43AA-AE20-1EB655F16368}
		{907DA399-617A-4721-82E7-3D2C09F47B9F} = {AF66C382-390D-42E1-8AC7-F2EB446B43F1}
		{1F96DB2C-E743-4731-887B-FC11505C21CB} = {AF66C382-390D-42E1-8AC7-F2EB446B43F1}
		{F0D5A431-66DD-40C9-84EE-73F53AB5D40A} = {7B750172-4877-4959-8CE0-E04AFE7F80A4}
		{B7DBDC34-863B-43AE-B8C2-C3412420D595} = {B6035443-AAF6-4EFA-B655-4224EF71B3CF}
		{22DFBEDF-7AB2-4339-BF64-B671B948E016} = {7B750172-4877-4959-8CE0-E04AFE7F80A4}
		{EA1DD74A-A6C6-452E-9151-87CDCB37BBC0} = {7B750172-4877-4959-8CE0-E04AFE7F80A4}
		{402F4EC8-6548-4066-AB62-77CE89F17678} = {EA1DD74A-A6C6-452E-9151-87CDCB37BBC0}
		{9A3D3E7E-9746-4C40-BBA1-373CDA7D8B29} = {7B750172-4877-4959-8CE0-E04AFE7F80A4}
	EndGlobalSection
	GlobalSection(ExtensibilityGlobals) = postSolution
		SolutionGuid = {CA1C32AC-27D9-4437-AA37-9B3714C95582}
	EndGlobalSection
EndGlobal
